// !$*UTF8*$!
{
	archiveVersion = 1;
	classes = {
	};
	objectVersion = 46;
	objects = {

/* Begin PBXBuildFile section */
		158A487C1A652F6600D8F762 /* main.m in Sources */ = {isa = PBXBuildFile; fileRef = 158A487B1A652F6600D8F762 /* main.m */; };
		158A487F1A652F6600D8F762 /* AppDelegate.m in Sources */ = {isa = PBXBuildFile; fileRef = 158A487E1A652F6600D8F762 /* AppDelegate.m */; };
		158A48821A652F6600D8F762 /* ViewController.m in Sources */ = {isa = PBXBuildFile; fileRef = 158A48811A652F6600D8F762 /* ViewController.m */; };
		158A48851A652F6600D8F762 /* Main.storyboard in Resources */ = {isa = PBXBuildFile; fileRef = 158A48831A652F6600D8F762 /* Main.storyboard */; };
		158A48871A652F6600D8F762 /* Images.xcassets in Resources */ = {isa = PBXBuildFile; fileRef = 158A48861A652F6600D8F762 /* Images.xcassets */; };
		158A488A1A652F6600D8F762 /* LaunchScreen.xib in Resources */ = {isa = PBXBuildFile; fileRef = 158A48881A652F6600D8F762 /* LaunchScreen.xib */; };
		158A48961A652F6600D8F762 /* MasonryDemoTests.m in Sources */ = {isa = PBXBuildFile; fileRef = 158A48951A652F6600D8F762 /* MasonryDemoTests.m */; };
/* End PBXBuildFile section */

/* Begin PBXContainerItemProxy section */
		158A48901A652F6600D8F762 /* PBXContainerItemProxy */ = {
			isa = PBXContainerItemProxy;
			containerPortal = 158A486E1A652F6600D8F762 /* Project object */;
			proxyType = 1;
			remoteGlobalIDString = 158A48751A652F6600D8F762;
			remoteInfo = MasonryDemo;
		};
/* End PBXContainerItemProxy section */

/* Begin PBXFileReference section */
		158A48761A652F6600D8F762 /* MasonryDemo.app */ = {isa = PBXFileReference; explicitFileType = wrapper.application; includeInIndex = 0; path = MasonryDemo.app; sourceTree = BUILT_PRODUCTS_DIR; };
		158A487A1A652F6600D8F762 /* Info.plist */ = {isa = PBXFileReference; lastKnownFileType = text.plist.xml; path = Info.plist; sourceTree = "<group>"; };
		158A487B1A652F6600D8F762 /* main.m */ = {isa = PBXFileReference; lastKnownFileType = sourcecode.c.objc; path = main.m; sourceTree = "<group>"; };
		158A487D1A652F6600D8F762 /* AppDelegate.h */ = {isa = PBXFileReference; lastKnownFileType = sourcecode.c.h; path = AppDelegate.h; sourceTree = "<group>"; };
		158A487E1A652F6600D8F762 /* AppDelegate.m */ = {isa = PBXFileReference; lastKnownFileType = sourcecode.c.objc; path = AppDelegate.m; sourceTree = "<group>"; };
		158A48801A652F6600D8F762 /* ViewController.h */ = {isa = PBXFileReference; lastKnownFileType = sourcecode.c.h; path = ViewController.h; sourceTree = "<group>"; };
		158A48811A652F6600D8F762 /* ViewController.m */ = {isa = PBXFileReference; lastKnownFileType = sourcecode.c.objc; path = ViewController.m; sourceTree = "<group>"; };
		158A48841A652F6600D8F762 /* Base */ = {isa = PBXFileReference; lastKnownFileType = file.storyboard; name = Base; path = Base.lproj/Main.storyboard; sourceTree = "<group>"; };
		158A48861A652F6600D8F762 /* Images.xcassets */ = {isa = PBXFileReference; lastKnownFileType = folder.assetcatalog; path = Images.xcassets; sourceTree = "<group>"; };
		158A48891A652F6600D8F762 /* Base */ = {isa = PBXFileReference; lastKnownFileType = file.xib; name = Base; path = Base.lproj/LaunchScreen.xib; sourceTree = "<group>"; };
		158A488F1A652F6600D8F762 /* MasonryDemoTests.xctest */ = {isa = PBXFileReference; explicitFileType = wrapper.cfbundle; includeInIndex = 0; path = MasonryDemoTests.xctest; sourceTree = BUILT_PRODUCTS_DIR; };
		158A48941A652F6600D8F762 /* Info.plist */ = {isa = PBXFileReference; lastKnownFileType = text.plist.xml; path = Info.plist; sourceTree = "<group>"; };
		158A48951A652F6600D8F762 /* MasonryDemoTests.m */ = {isa = PBXFileReference; lastKnownFileType = sourcecode.c.objc; path = MasonryDemoTests.m; sourceTree = "<group>"; };
/* End PBXFileReference section */

/* Begin PBXFrameworksBuildPhase section */
		158A48731A652F6600D8F762 /* Frameworks */ = {
			isa = PBXFrameworksBuildPhase;
			buildActionMask = 2147483647;
			files = (
			);
			runOnlyForDeploymentPostprocessing = 0;
		};
		158A488C1A652F6600D8F762 /* Frameworks */ = {
			isa = PBXFrameworksBuildPhase;
			buildActionMask = 2147483647;
			files = (
			);
			runOnlyForDeploymentPostprocessing = 0;
		};
/* End PBXFrameworksBuildPhase section */

/* Begin PBXGroup section */
		158A486D1A652F6600D8F762 = {
			isa = PBXGroup;
			children = (
				158A48781A652F6600D8F762 /* MasonryDemo */,
				158A48921A652F6600D8F762 /* MasonryDemoTests */,
				158A48771A652F6600D8F762 /* Products */,
			);
			sourceTree = "<group>";
		};
		158A48771A652F6600D8F762 /* Products */ = {
			isa = PBXGroup;
			children = (
				158A48761A652F6600D8F762 /* MasonryDemo.app */,
				158A488F1A652F6600D8F762 /* MasonryDemoTests.xctest */,
			);
			name = Products;
			sourceTree = "<group>";
		};
		158A48781A652F6600D8F762 /* MasonryDemo */ = {
			isa = PBXGroup;
			children = (
				158A487D1A652F6600D8F762 /* AppDelegate.h */,
				158A487E1A652F6600D8F762 /* AppDelegate.m */,
				158A48801A652F6600D8F762 /* ViewController.h */,
				158A48811A652F6600D8F762 /* ViewController.m */,
				158A48831A652F6600D8F762 /* Main.storyboard */,
				158A48861A652F6600D8F762 /* Images.xcassets */,
				158A48881A652F6600D8F762 /* LaunchScreen.xib */,
				158A48791A652F6600D8F762 /* Supporting Files */,
			);
			path = MasonryDemo;
			sourceTree = "<group>";
		};
		158A48791A652F6600D8F762 /* Supporting Files */ = {
			isa = PBXGroup;
			children = (
				158A487A1A652F6600D8F762 /* Info.plist */,
				158A487B1A652F6600D8F762 /* main.m */,
			);
			name = "Supporting Files";
			sourceTree = "<group>";
		};
		158A48921A652F6600D8F762 /* MasonryDemoTests */ = {
			isa = PBXGroup;
			children = (
				158A48951A652F6600D8F762 /* MasonryDemoTests.m */,
				158A48931A652F6600D8F762 /* Supporting Files */,
			);
			path = MasonryDemoTests;
			sourceTree = "<group>";
		};
		158A48931A652F6600D8F762 /* Supporting Files */ = {
			isa = PBXGroup;
			children = (
				158A48941A652F6600D8F762 /* Info.plist */,
			);
			name = "Supporting Files";
			sourceTree = "<group>";
		};
/* End PBXGroup section */

/* Begin PBXNativeTarget section */
		158A48751A652F6600D8F762 /* MasonryDemo */ = {
			isa = PBXNativeTarget;
			buildConfigurationList = 158A48991A652F6600D8F762 /* Build configuration list for PBXNativeTarget "MasonryDemo" */;
			buildPhases = (
				158A48721A652F6600D8F762 /* Sources */,
				158A48731A652F6600D8F762 /* Frameworks */,
				158A48741A652F6600D8F762 /* Resources */,
			);
			buildRules = (
			);
			dependencies = (
			);
			name = MasonryDemo;
			productName = MasonryDemo;
			productReference = 158A48761A652F6600D8F762 /* MasonryDemo.app */;
			productType = "com.apple.product-type.application";
		};
		158A488E1A652F6600D8F762 /* MasonryDemoTests */ = {
			isa = PBXNativeTarget;
			buildConfigurationList = 158A489C1A652F6600D8F762 /* Build configuration list for PBXNativeTarget "MasonryDemoTests" */;
			buildPhases = (
				158A488B1A652F6600D8F762 /* Sources */,
				158A488C1A652F6600D8F762 /* Frameworks */,
				158A488D1A652F6600D8F762 /* Resources */,
			);
			buildRules = (
			);
			dependencies = (
				158A48911A652F6600D8F762 /* PBXTargetDependency */,
			);
			name = MasonryDemoTests;
			productName = MasonryDemoTests;
			productReference = 158A488F1A652F6600D8F762 /* MasonryDemoTests.xctest */;
			productType = "com.apple.product-type.bundle.unit-test";
		};
/* End PBXNativeTarget section */

/* Begin PBXProject section */
		158A486E1A652F6600D8F762 /* Project object */ = {
			isa = PBXProject;
			attributes = {
				LastUpgradeCheck = 0610;
				ORGANIZATIONNAME = Anson;
				TargetAttributes = {
					158A48751A652F6600D8F762 = {
						CreatedOnToolsVersion = 6.1.1;
					};
					158A488E1A652F6600D8F762 = {
						CreatedOnToolsVersion = 6.1.1;
						TestTargetID = 158A48751A652F6600D8F762;
					};
				};
			};
			buildConfigurationList = 158A48711A652F6600D8F762 /* Build configuration list for PBXProject "MasonryDemo" */;
			compatibilityVersion = "Xcode 3.2";
			developmentRegion = English;
			hasScannedForEncodings = 0;
			knownRegions = (
				en,
				Base,
			);
			mainGroup = 158A486D1A652F6600D8F762;
			productRefGroup = 158A48771A652F6600D8F762 /* Products */;
			projectDirPath = "";
			projectRoot = "";
			targets = (
				158A48751A652F6600D8F762 /* MasonryDemo */,
				158A488E1A652F6600D8F762 /* MasonryDemoTests */,
			);
		};
/* End PBXProject section */

/* Begin PBXResourcesBuildPhase section */
		158A48741A652F6600D8F762 /* Resources */ = {
			isa = PBXResourcesBuildPhase;
			buildActionMask = 2147483647;
			files = (
				158A48851A652F6600D8F762 /* Main.storyboard in Resources */,
				158A488A1A652F6600D8F762 /* LaunchScreen.xib in Resources */,
				158A48871A652F6600D8F762 /* Images.xcassets in Resources */,
			);
			runOnlyForDeploymentPostprocessing = 0;
		};
		158A488D1A652F6600D8F762 /* Resources */ = {
			isa = PBXResourcesBuildPhase;
			buildActionMask = 2147483647;
			files = (
			);
			runOnlyForDeploymentPostprocessing = 0;
		};
/* End PBXResourcesBuildPhase section */

/* Begin PBXSourcesBuildPhase section */
		158A48721A652F6600D8F762 /* Sources */ = {
			isa = PBXSourcesBuildPhase;
			buildActionMask = 2147483647;
			files = (
				158A48821A652F6600D8F762 /* ViewController.m in Sources */,
				158A487F1A652F6600D8F762 /* AppDelegate.m in Sources */,
				158A487C1A652F6600D8F762 /* main.m in Sources */,
			);
			runOnlyForDeploymentPostprocessing = 0;
		};
		158A488B1A652F6600D8F762 /* Sources */ = {
			isa = PBXSourcesBuildPhase;
			buildActionMask = 2147483647;
			files = (
				158A48961A652F6600D8F762 /* MasonryDemoTests.m in Sources */,
			);
			runOnlyForDeploymentPostprocessing = 0;
		};
/* End PBXSourcesBuildPhase section */

/* Begin PBXTargetDependency section */
		158A48911A652F6600D8F762 /* PBXTargetDependency */ = {
			isa = PBXTargetDependency;
			target = 158A48751A652F6600D8F762 /* MasonryDemo */;
			targetProxy = 158A48901A652F6600D8F762 /* PBXContainerItemProxy */;
		};
/* End PBXTargetDependency section */

/* Begin PBXVariantGroup section */
		158A48831A652F6600D8F762 /* Main.storyboard */ = {
			isa = PBXVariantGroup;
			children = (
				158A48841A652F6600D8F762 /* Base */,
			);
			name = Main.storyboard;
			sourceTree = "<group>";
		};
		158A48881A652F6600D8F762 /* LaunchScreen.xib */ = {
			isa = PBXVariantGroup;
			children = (
				158A48891A652F6600D8F762 /* Base */,
			);
			name = LaunchScreen.xib;
			sourceTree = "<group>";
		};
/* End PBXVariantGroup section */

/* Begin XCBuildConfiguration section */
		158A48971A652F6600D8F762 /* Debug */ = {
			isa = XCBuildConfiguration;
			buildSettings = {
				ALWAYS_SEARCH_USER_PATHS = NO;
				CLANG_CXX_LANGUAGE_STANDARD = "gnu++0x";
				CLANG_CXX_LIBRARY = "libc++";
				CLANG_ENABLE_MODULES = YES;
				CLANG_ENABLE_OBJC_ARC = YES;
				CLANG_WARN_BOOL_CONVERSION = YES;
				CLANG_WARN_CONSTANT_CONVERSION = YES;
				CLANG_WARN_DIRECT_OBJC_ISA_USAGE = YES_ERROR;
				CLANG_WARN_EMPTY_BODY = YES;
				CLANG_WARN_ENUM_CONVERSION = YES;
				CLANG_WARN_INT_CONVERSION = YES;
				CLANG_WARN_OBJC_ROOT_CLASS = YES_ERROR;
				CLANG_WARN_UNREACHABLE_CODE = YES;
				CLANG_WARN__DUPLICATE_METHOD_MATCH = YES;
				"CODE_SIGN_IDENTITY[sdk=iphoneos*]" = "iPhone Developer";
				COPY_PHASE_STRIP = NO;
				ENABLE_STRICT_OBJC_MSGSEND = YES;
				GCC_C_LANGUAGE_STANDARD = gnu99;
				GCC_DYNAMIC_NO_PIC = NO;
				GCC_OPTIMIZATION_LEVEL = 0;
				GCC_PREPROCESSOR_DEFINITIONS = (
					"DEBUG=1",
					"$(inherited)",
				);
				GCC_SYMBOLS_PRIVATE_EXTERN = NO;
				GCC_WARN_64_TO_32_BIT_CONVERSION = YES;
				GCC_WARN_ABOUT_RETURN_TYPE = YES_ERROR;
				GCC_WARN_UNDECLARED_SELECTOR = YES;
				GCC_WARN_UNINITIALIZED_AUTOS = YES_AGGRESSIVE;
				GCC_WARN_UNUSED_FUNCTION = YES;
				GCC_WARN_UNUSED_VARIABLE = YES;
				IPHONEOS_DEPLOYMENT_TARGET = 8.1;
				MTL_ENABLE_DEBUG_INFO = YES;
				ONLY_ACTIVE_ARCH = YES;
				SDKROOT = iphoneos;
			};
			name = Debug;
		};
		158A48981A652F6600D8F762 /* Release */ = {
			isa = XCBuildConfiguration;
			buildSettings = {
				ALWAYS_SEARCH_USER_PATHS = NO;
				CLANG_CXX_LANGUAGE_STANDARD = "gnu++0x";
				CLANG_CXX_LIBRARY = "libc++";
				CLANG_ENABLE_MODULES = YES;
				CLANG_ENABLE_OBJC_ARC = YES;
				CLANG_WARN_BOOL_CONVERSION = YES;
				CLANG_WARN_CONSTANT_CONVERSION = YES;
				CLANG_WARN_DIRECT_OBJC_ISA_USAGE = YES_ERROR;
				CLANG_WARN_EMPTY_BODY = YES;
				CLANG_WARN_ENUM_CONVERSION = YES;
				CLANG_WARN_INT_CONVERSION = YES;
				CLANG_WARN_OBJC_ROOT_CLASS = YES_ERROR;
				CLANG_WARN_UNREACHABLE_CODE = YES;
				CLANG_WARN__DUPLICATE_METHOD_MATCH = YES;
				"CODE_SIGN_IDENTITY[sdk=iphoneos*]" = "iPhone Developer";
				COPY_PHASE_STRIP = YES;
				ENABLE_NS_ASSERTIONS = NO;
				ENABLE_STRICT_OBJC_MSGSEND = YES;
				GCC_C_LANGUAGE_STANDARD = gnu99;
				GCC_WARN_64_TO_32_BIT_CONVERSION = YES;
				GCC_WARN_ABOUT_RETURN_TYPE = YES_ERROR;
				GCC_WARN_UNDECLARED_SELECTOR = YES;
				GCC_WARN_UNINITIALIZED_AUTOS = YES_AGGRESSIVE;
				GCC_WARN_UNUSED_FUNCTION = YES;
				GCC_WARN_UNUSED_VARIABLE = YES;
				IPHONEOS_DEPLOYMENT_TARGET = 8.1;
				MTL_ENABLE_DEBUG_INFO = NO;
				SDKROOT = iphoneos;
				VALIDATE_PRODUCT = YES;
			};
			name = Release;
		};
		158A489A1A652F6600D8F762 /* Debug */ = {
			isa = XCBuildConfiguration;
			buildSettings = {
				ASSETCATALOG_COMPILER_APPICON_NAME = AppIcon;
				INFOPLIST_FILE = MasonryDemo/Info.plist;
				LD_RUNPATH_SEARCH_PATHS = "$(inherited) @executable_path/Frameworks";
				PRODUCT_NAME = "$(TARGET_NAME)";
			};
			name = Debug;
		};
		158A489B1A652F6600D8F762 /* Release */ = {
			isa = XCBuildConfiguration;
			buildSettings = {
				ASSETCATALOG_COMPILER_APPICON_NAME = AppIcon;
				INFOPLIST_FILE = MasonryDemo/Info.plist;
				LD_RUNPATH_SEARCH_PATHS = "$(inherited) @executable_path/Frameworks";
				PRODUCT_NAME = "$(TARGET_NAME)";
			};
			name = Release;
		};
		158A489D1A652F6600D8F762 /* Debug */ = {
			isa = XCBuildConfiguration;
			buildSettings = {
				BUNDLE_LOADER = "$(TEST_HOST)";
				FRAMEWORK_SEARCH_PATHS = (
					"$(SDKROOT)/Developer/Library/Frameworks",
					"$(inherited)",
				);
				GCC_PREPROCESSOR_DEFINITIONS = (
					"DEBUG=1",
					"$(inherited)",
				);
				INFOPLIST_FILE = MasonryDemoTests/Info.plist;
				LD_RUNPATH_SEARCH_PATHS = "$(inherited) @executable_path/Frameworks @loader_path/Frameworks";
				PRODUCT_NAME = "$(TARGET_NAME)";
				TEST_HOST = "$(BUILT_PRODUCTS_DIR)/MasonryDemo.app/MasonryDemo";
			};
			name = Debug;
		};
		158A489E1A652F6600D8F762 /* Release */ = {
			isa = XCBuildConfiguration;
			buildSettings = {
				BUNDLE_LOADER = "$(TEST_HOST)";
				FRAMEWORK_SEARCH_PATHS = (
					"$(SDKROOT)/Developer/Library/Frameworks",
					"$(inherited)",
				);
				INFOPLIST_FILE = MasonryDemoTests/Info.plist;
				LD_RUNPATH_SEARCH_PATHS = "$(inherited) @executable_path/Frameworks @loader_path/Frameworks";
				PRODUCT_NAME = "$(TARGET_NAME)";
				TEST_HOST = "$(BUILT_PRODUCTS_DIR)/MasonryDemo.app/MasonryDemo";
			};
			name = Release;
		};
/* End XCBuildConfiguration section */

/* Begin XCConfigurationList section */
		158A48711A652F6600D8F762 /* Build configuration list for PBXProject "MasonryDemo" */ = {
			isa = XCConfigurationList;
			buildConfigurations = (
				158A48971A652F6600D8F762 /* Debug */,
				158A48981A652F6600D8F762 /* Release */,
			);
			defaultConfigurationIsVisible = 0;
			defaultConfigurationName = Release;
		};
		158A48991A652F6600D8F762 /* Build configuration list for PBXNativeTarget "MasonryDemo" */ = {
			isa = XCConfigurationList;
			buildConfigurations = (
				158A489A1A652F6600D8F762 /* Debug */,
				158A489B1A652F6600D8F762 /* Release */,
			);
			defaultConfigurationIsVisible = 0;
		};
		158A489C1A652F6600D8F762 /* Build configuration list for PBXNativeTarget "MasonryDemoTests" */ = {
			isa = XCConfigurationList;
			buildConfigurations = (
				158A489D1A652F6600D8F762 /* Debug */,
				158A489E1A652F6600D8F762 /* Release */,
			);
			defaultConfigurationIsVisible = 0;
		};
/* End XCConfigurationList section */
	};
	rootObject = 158A486E1A652F6600D8F762 /* Project object */;
}
